
Microsoft Visual Studio Solution File, Format Version 12.00
# Visual Studio Version 16
VisualStudioVersion = 16.0.30413.136
MinimumVisualStudioVersion = 10.0.40219.1
Project("{9092AA53-FB77-4645-B42D-1CCCA6BD08BD}") = "Messenger-App", "Messenger-App.njsproj", "{56B548DB-8288-4855-9BB0-65BED3EB48FF}"
EndProject
Global
	GlobalSection(SolutionConfigurationPlatforms) = preSolution
		Debug|Any CPU = Debug|Any CPU
		Release|Any CPU = Release|Any CPU
	EndGlobalSection
	GlobalSection(ProjectConfigurationPlatforms) = postSolution
		{56B548DB-8288-4855-9BB0-65BED3EB48FF}.Debug|Any CPU.ActiveCfg = Debug|Any CPU
		{56B548DB-8288-4855-9BB0-65BED3EB48FF}.Debug|Any CPU.Build.0 = Debug|Any CPU
		{56B548DB-8288-4855-9BB0-65BED3EB48FF}.Release|Any CPU.ActiveCfg = Release|Any CPU
		{56B548DB-8288-4855-9BB0-65BED3EB48FF}.Release|Any CPU.Build.0 = Release|Any CPU
	EndGlobalSection
	GlobalSection(SolutionProperties) = preSolution
		HideSolutionNode = FALSE
	EndGlobalSection
	GlobalSection(ExtensibilityGlobals) = postSolution
		SolutionGuid = {891C3DE5-F73B-4B4C-86B4-110BDCB8C331}
	EndGlobalSection
EndGlobal
